<Solution>
  <Folder Name="/src/">
    <Project Path="src/ItamiTimer.Core/ItamiTimer.Core.csproj" />
    <Project Path="src/ItamiTimer.Cli/ItamiTimer.Cli.csproj" />
    <Project Path="src/ItamiTimer.App/ItamiTimer.App.csproj" />
  </Folder>
  <Folder Name="/tests/">
    <Project Path="tests/ItamiTimer.Core.Tests/ItamiTimer.Core.Tests.csproj" />
    <Project Path="tests/ItamiTimer.App.Tests/ItamiTimer.App.Tests.csproj" />
  </Folder>
</Solution>
